
Microsoft Visual Studio Solution File, Format Version 12.00
# Visual Studio 15
VisualStudioVersion = 15.0.28010.2003
MinimumVisualStudioVersion = 10.0.40219.1
Project("{FAE04EC0-301F-11D3-BF4B-00C04F79EFBC}") = "ExactCoverDLX", "ExactCoverDLX\ExactCoverDLX.csproj", "{451BB99E-7D0C-4614-86E0-FE3263A21AEA}"
EndProject
Global
	GlobalSection(SolutionConfigurationPlatforms) = preSolution
		Debug|Any CPU = Debug|Any CPU
		Release|Any CPU = Release|Any CPU
	EndGlobalSection
	GlobalSection(ProjectConfigurationPlatforms) = postSolution
		{451BB99E-7D0C-4614-86E0-FE3263A21AEA}.Debug|Any CPU.ActiveCfg = Debug|Any CPU
		{451BB99E-7D0C-4614-86E0-FE3263A21AEA}.Debug|Any CPU.Build.0 = Debug|Any CPU
		{451BB99E-7D0C-4614-86E0-FE3263A21AEA}.Release|Any CPU.ActiveCfg = Release|Any CPU
		{451BB99E-7D0C-4614-86E0-FE3263A21AEA}.Release|Any CPU.Build.0 = Release|Any CPU
	EndGlobalSection
	GlobalSection(SolutionProperties) = preSolution
		HideSolutionNode = FALSE
	EndGlobalSection
	GlobalSection(ExtensibilityGlobals) = postSolution
		SolutionGuid = {B1E15BF9-FDC3-46FC-A5FA-8F86681F72F5}
	EndGlobalSection
EndGlobal
